
Microsoft Visual Studio Solution File, Format Version 12.00
# Visual Studio 15
VisualStudioVersion = 15.0.28307.1401
MinimumVisualStudioVersion = 10.0.40219.1
Project("{FAE04EC0-301F-11D3-BF4B-00C04F79EFBC}") = "RestWebAPI", "RestWebAPI\RestWebAPI.csproj", "{E9E7CF67-F667-408A-8143-98A4965AE1F2}"
	ProjectSection(ProjectDependencies) = postProject
		{0CAB2831-4AE3-44B6-BA94-CFDBBBEE2E9C} = {0CAB2831-4AE3-44B6-BA94-CFDBBBEE2E9C}
		{E04B78BB-F49C-4708-AE59-9E979FA136AE} = {E04B78BB-F49C-4708-AE59-9E979FA136AE}
		{B3EF1FE6-ED60-4AF7-8932-36CB5E17C9B1} = {B3EF1FE6-ED60-4AF7-8932-36CB5E17C9B1}
		{E225AAEF-41AD-4F30-9227-22655907ED45} = {E225AAEF-41AD-4F30-9227-22655907ED45}
		{CF2EDAFA-2682-401B-B889-0107E9D487EA} = {CF2EDAFA-2682-401B-B889-0107E9D487EA}
	EndProjectSection
EndProject
Project("{FAE04EC0-301F-11D3-BF4B-00C04F79EFBC}") = "BusinessModel", "BusinessModel\BusinessModel.csproj", "{0CAB2831-4AE3-44B6-BA94-CFDBBBEE2E9C}"
	ProjectSection(ProjectDependencies) = postProject
		{565F55E5-72A5-4E5B-AED7-2F5FA7644B18} = {565F55E5-72A5-4E5B-AED7-2F5FA7644B18}
	EndProjectSection
EndProject
Project("{FAE04EC0-301F-11D3-BF4B-00C04F79EFBC}") = "BusinessService", "BusinessService\BusinessService.csproj", "{CF2EDAFA-2682-401B-B889-0107E9D487EA}"
	ProjectSection(ProjectDependencies) = postProject
		{0CAB2831-4AE3-44B6-BA94-CFDBBBEE2E9C} = {0CAB2831-4AE3-44B6-BA94-CFDBBBEE2E9C}
		{E04B78BB-F49C-4708-AE59-9E979FA136AE} = {E04B78BB-F49C-4708-AE59-9E979FA136AE}
		{565F55E5-72A5-4E5B-AED7-2F5FA7644B18} = {565F55E5-72A5-4E5B-AED7-2F5FA7644B18}
		{E225AAEF-41AD-4F30-9227-22655907ED45} = {E225AAEF-41AD-4F30-9227-22655907ED45}
	EndProjectSection
EndProject
Project("{FAE04EC0-301F-11D3-BF4B-00C04F79EFBC}") = "BusinessServiceInterface", "BusinessServiceInterface\BusinessServiceInterface.csproj", "{E225AAEF-41AD-4F30-9227-22655907ED45}"
	ProjectSection(ProjectDependencies) = postProject
		{0CAB2831-4AE3-44B6-BA94-CFDBBBEE2E9C} = {0CAB2831-4AE3-44B6-BA94-CFDBBBEE2E9C}
	EndProjectSection
EndProject
Project("{FAE04EC0-301F-11D3-BF4B-00C04F79EFBC}") = "DataModel", "DataModel\DataModel.csproj", "{565F55E5-72A5-4E5B-AED7-2F5FA7644B18}"
EndProject
Project("{FAE04EC0-301F-11D3-BF4B-00C04F79EFBC}") = "DataService", "DataService\DataService.csproj", "{B3EF1FE6-ED60-4AF7-8932-36CB5E17C9B1}"
	ProjectSection(ProjectDependencies) = postProject
		{9D1E91AF-AFE7-4FCE-92C2-5D5B82ECD2D4} = {9D1E91AF-AFE7-4FCE-92C2-5D5B82ECD2D4}
		{E04B78BB-F49C-4708-AE59-9E979FA136AE} = {E04B78BB-F49C-4708-AE59-9E979FA136AE}
		{565F55E5-72A5-4E5B-AED7-2F5FA7644B18} = {565F55E5-72A5-4E5B-AED7-2F5FA7644B18}
	EndProjectSection
EndProject
Project("{FAE04EC0-301F-11D3-BF4B-00C04F79EFBC}") = "DataServiceInterface", "DataServiceInterface\DataServiceInterface.csproj", "{E04B78BB-F49C-4708-AE59-9E979FA136AE}"
	ProjectSection(ProjectDependencies) = postProject
		{565F55E5-72A5-4E5B-AED7-2F5FA7644B18} = {565F55E5-72A5-4E5B-AED7-2F5FA7644B18}
	EndProjectSection
EndProject
Project("{FAE04EC0-301F-11D3-BF4B-00C04F79EFBC}") = "Database", "Database\Database.csproj", "{9D1E91AF-AFE7-4FCE-92C2-5D5B82ECD2D4}"
EndProject
Project("{FAE04EC0-301F-11D3-BF4B-00C04F79EFBC}") = "RestWebAPI.Tests", "RestWebAPI.Tests\RestWebAPI.Tests.csproj", "{A1B2C3D4-E5F6-7890-ABCD-EF1234567890}"
	ProjectSection(ProjectDependencies) = postProject
		{CF2EDAFA-2682-401B-B889-0107E9D487EA} = {CF2EDAFA-2682-401B-B889-0107E9D487EA}
		{E225AAEF-41AD-4F30-9227-22655907ED45} = {E225AAEF-41AD-4F30-9227-22655907ED45}
		{0CAB2831-4AE3-44B6-BA94-CFDBBBEE2E9C} = {0CAB2831-4AE3-44B6-BA94-CFDBBBEE2E9C}
		{565F55E5-72A5-4E5B-AED7-2F5FA7644B18} = {565F55E5-72A5-4E5B-AED7-2F5FA7644B18}
		{E04B78BB-F49C-4708-AE59-9E979FA136AE} = {E04B78BB-F49C-4708-AE59-9E979FA136AE}
	EndProjectSection
EndProject
Global
	GlobalSection(SolutionConfigurationPlatforms) = preSolution
		Debug|Any CPU = Debug|Any CPU
		Release|Any CPU = Release|Any CPU
	EndGlobalSection
	GlobalSection(ProjectConfigurationPlatforms) = postSolution
		{E9E7CF67-F667-408A-8143-98A4965AE1F2}.Debug|Any CPU.ActiveCfg = Debug|Any CPU
		{E9E7CF67-F667-408A-8143-98A4965AE1F2}.Debug|Any CPU.Build.0 = Debug|Any CPU
		{E9E7CF67-F667-408A-8143-98A4965AE1F2}.Release|Any CPU.ActiveCfg = Release|Any CPU
		{E9E7CF67-F667-408A-8143-98A4965AE1F2}.Release|Any CPU.Build.0 = Release|Any CPU
		{0CAB2831-4AE3-44B6-BA94-CFDBBBEE2E9C}.Debug|Any CPU.ActiveCfg = Debug|Any CPU
		{0CAB2831-4AE3-44B6-BA94-CFDBBBEE2E9C}.Debug|Any CPU.Build.0 = Debug|Any CPU
		{0CAB2831-4AE3-44B6-BA94-CFDBBBEE2E9C}.Release|Any CPU.ActiveCfg = Release|Any CPU
		{0CAB2831-4AE3-44B6-BA94-CFDBBBEE2E9C}.Release|Any CPU.Build.0 = Release|Any CPU
		{CF2EDAFA-2682-401B-B889-0107E9D487EA}.Debug|Any CPU.ActiveCfg = Debug|Any CPU
		{CF2EDAFA-2682-401B-B889-0107E9D487EA}.Debug|Any CPU.Build.0 = Debug|Any CPU
		{CF2EDAFA-2682-401B-B889-0107E9D487EA}.Release|Any CPU.ActiveCfg = Release|Any CPU
		{CF2EDAFA-2682-401B-B889-0107E9D487EA}.Release|Any CPU.Build.0 = Release|Any CPU
		{E225AAEF-41AD-4F30-9227-22655907ED45}.Debug|Any CPU.ActiveCfg = Debug|Any CPU
		{E225AAEF-41AD-4F30-9227-22655907ED45}.Debug|Any CPU.Build.0 = Debug|Any CPU
		{E225AAEF-41AD-4F30-9227-22655907ED45}.Release|Any CPU.ActiveCfg = Release|Any CPU
		{E225AAEF-41AD-4F30-9227-22655907ED45}.Release|Any CPU.Build.0 = Release|Any CPU
		{565F55E5-72A5-4E5B-AED7-2F5FA7644B18}.Debug|Any CPU.ActiveCfg = Debug|Any CPU
		{565F55E5-72A5-4E5B-AED7-2F5FA7644B18}.Debug|Any CPU.Build.0 = Debug|Any CPU
		{565F55E5-72A5-4E5B-AED7-2F5FA7644B18}.Release|Any CPU.ActiveCfg = Release|Any CPU
		{565F55E5-72A5-4E5B-AED7-2F5FA7644B18}.Release|Any CPU.Build.0 = Release|Any CPU
		{B3EF1FE6-ED60-4AF7-8932-36CB5E17C9B1}.Debug|Any CPU.ActiveCfg = Debug|Any CPU
		{B3EF1FE6-ED60-4AF7-8932-36CB5E17C9B1}.Debug|Any CPU.Build.0 = Debug|Any CPU
		{B3EF1FE6-ED60-4AF7-8932-36CB5E17C9B1}.Release|Any CPU.ActiveCfg = Release|Any CPU
		{B3EF1FE6-ED60-4AF7-8932-36CB5E17C9B1}.Release|Any CPU.Build.0 = Release|Any CPU
		{E04B78BB-F49C-4708-AE59-9E979FA136AE}.Debug|Any CPU.ActiveCfg = Debug|Any CPU
		{E04B78BB-F49C-4708-AE59-9E979FA136AE}.Debug|Any CPU.Build.0 = Debug|Any CPU
		{E04B78BB-F49C-4708-AE59-9E979FA136AE}.Release|Any CPU.ActiveCfg = Release|Any CPU
		{E04B78BB-F49C-4708-AE59-9E979FA136AE}.Release|Any CPU.Build.0 = Release|Any CPU
		{9D1E91AF-AFE7-4FCE-92C2-5D5B82ECD2D4}.Debug|Any CPU.ActiveCfg = Debug|Any CPU
		{9D1E91AF-AFE7-4FCE-92C2-5D5B82ECD2D4}.Debug|Any CPU.Build.0 = Debug|Any CPU
		{9D1E91AF-AFE7-4FCE-92C2-5D5B82ECD2D4}.Release|Any CPU.ActiveCfg = Release|Any CPU
		{9D1E91AF-AFE7-4FCE-92C2-5D5B82ECD2D4}.Release|Any CPU.Build.0 = Release|Any CPU
		{A1B2C3D4-E5F6-7890-ABCD-EF1234567890}.Debug|Any CPU.ActiveCfg = Debug|Any CPU
		{A1B2C3D4-E5F6-7890-ABCD-EF1234567890}.Debug|Any CPU.Build.0 = Debug|Any CPU
		{A1B2C3D4-E5F6-7890-ABCD-EF1234567890}.Release|Any CPU.ActiveCfg = Release|Any CPU
		{A1B2C3D4-E5F6-7890-ABCD-EF1234567890}.Release|Any CPU.Build.0 = Release|Any CPU
	EndGlobalSection
	GlobalSection(SolutionProperties) = preSolution
		HideSolutionNode = FALSE
	EndGlobalSection
	GlobalSection(ExtensibilityGlobals) = postSolution
		SolutionGuid = {7B159D33-E67F-4E70-9CD4-38B1D966839F}
	EndGlobalSection
EndGlobal
